
Microsoft Visual Studio Solution File, Format Version 12.00
# Visual Studio Version 17
VisualStudioVersion = 17.9.34728.123
MinimumVisualStudioVersion = 10.0.40219.1
Project("{FAE04EC0-301F-11D3-BF4B-00C04F79EFBC}") = "M3_Triangle", "M3_Triangle\M3_Triangle.csproj", "{082D82F5-9C9E-4482-BF16-D48B7D7017C5}"
EndProject
Global
	GlobalSection(SolutionConfigurationPlatforms) = preSolution
		Debug|Any CPU = Debug|Any CPU
		Release|Any CPU = Release|Any CPU
	EndGlobalSection
	GlobalSection(ProjectConfigurationPlatforms) = postSolution
		{082D82F5-9C9E-4482-BF16-D48B7D7017C5}.Debug|Any CPU.ActiveCfg = Debug|Any CPU
		{082D82F5-9C9E-4482-BF16-D48B7D7017C5}.Debug|Any CPU.Build.0 = Debug|Any CPU
		{082D82F5-9C9E-4482-BF16-D48B7D7017C5}.Release|Any CPU.ActiveCfg = Release|Any CPU
		{082D82F5-9C9E-4482-BF16-D48B7D7017C5}.Release|Any CPU.Build.0 = Release|Any CPU
	EndGlobalSection
	GlobalSection(SolutionProperties) = preSolution
		HideSolutionNode = FALSE
	EndGlobalSection
	GlobalSection(ExtensibilityGlobals) = postSolution
		SolutionGuid = {DD6AB939-0731-404A-A188-957ED80BBE14}
	EndGlobalSection
EndGlobal
