
Microsoft Visual Studio Solution File, Format Version 12.00
# Visual Studio Version 17
VisualStudioVersion = 17.9.34728.123
MinimumVisualStudioVersion = 10.0.40219.1
Project("{FAE04EC0-301F-11D3-BF4B-00C04F79EFBC}") = "M3_D6_TypeConversions", "M3_D6_TypeConversions\M3_D6_TypeConversions.csproj", "{8A57BF57-8557-4790-BAC9-BA3EA6F79594}"
EndProject
Global
	GlobalSection(SolutionConfigurationPlatforms) = preSolution
		Debug|Any CPU = Debug|Any CPU
		Release|Any CPU = Release|Any CPU
	EndGlobalSection
	GlobalSection(ProjectConfigurationPlatforms) = postSolution
		{8A57BF57-8557-4790-BAC9-BA3EA6F79594}.Debug|Any CPU.ActiveCfg = Debug|Any CPU
		{8A57BF57-8557-4790-BAC9-BA3EA6F79594}.Debug|Any CPU.Build.0 = Debug|Any CPU
		{8A57BF57-8557-4790-BAC9-BA3EA6F79594}.Release|Any CPU.ActiveCfg = Release|Any CPU
		{8A57BF57-8557-4790-BAC9-BA3EA6F79594}.Release|Any CPU.Build.0 = Release|Any CPU
	EndGlobalSection
	GlobalSection(SolutionProperties) = preSolution
		HideSolutionNode = FALSE
	EndGlobalSection
	GlobalSection(ExtensibilityGlobals) = postSolution
		SolutionGuid = {CDC8760F-F5BF-4A0E-8B2E-3B958136F625}
	EndGlobalSection
EndGlobal
