
Microsoft Visual Studio Solution File, Format Version 12.00
# Visual Studio Version 17
VisualStudioVersion = 17.9.34728.123
MinimumVisualStudioVersion = 10.0.40219.1
Project("{FAE04EC0-301F-11D3-BF4B-00C04F79EFBC}") = "M3_ReverseString", "M3_ReverseString\M3_ReverseString.csproj", "{C93E6579-42E3-4048-85D3-63CFB2696866}"
EndProject
Global
	GlobalSection(SolutionConfigurationPlatforms) = preSolution
		Debug|Any CPU = Debug|Any CPU
		Release|Any CPU = Release|Any CPU
	EndGlobalSection
	GlobalSection(ProjectConfigurationPlatforms) = postSolution
		{C93E6579-42E3-4048-85D3-63CFB2696866}.Debug|Any CPU.ActiveCfg = Debug|Any CPU
		{C93E6579-42E3-4048-85D3-63CFB2696866}.Debug|Any CPU.Build.0 = Debug|Any CPU
		{C93E6579-42E3-4048-85D3-63CFB2696866}.Release|Any CPU.ActiveCfg = Release|Any CPU
		{C93E6579-42E3-4048-85D3-63CFB2696866}.Release|Any CPU.Build.0 = Release|Any CPU
	EndGlobalSection
	GlobalSection(SolutionProperties) = preSolution
		HideSolutionNode = FALSE
	EndGlobalSection
	GlobalSection(ExtensibilityGlobals) = postSolution
		SolutionGuid = {2780D18F-B5D1-4F4D-822D-479232432C50}
	EndGlobalSection
EndGlobal
