
Microsoft Visual Studio Solution File, Format Version 12.00
# Visual Studio Version 17
VisualStudioVersion = 17.9.34728.123
MinimumVisualStudioVersion = 10.0.40219.1
Project("{FAE04EC0-301F-11D3-BF4B-00C04F79EFBC}") = "M3_D4_Conditionals_Loops_NamingConventions", "M3_D4_Conditionals_Loops_NamingConventions\M3_D4_Conditionals_Loops_NamingConventions.csproj", "{450F1818-1BA0-490A-9568-FAC2108D39DE}"
EndProject
Global
	GlobalSection(SolutionConfigurationPlatforms) = preSolution
		Debug|Any CPU = Debug|Any CPU
		Release|Any CPU = Release|Any CPU
	EndGlobalSection
	GlobalSection(ProjectConfigurationPlatforms) = postSolution
		{450F1818-1BA0-490A-9568-FAC2108D39DE}.Debug|Any CPU.ActiveCfg = Debug|Any CPU
		{450F1818-1BA0-490A-9568-FAC2108D39DE}.Debug|Any CPU.Build.0 = Debug|Any CPU
		{450F1818-1BA0-490A-9568-FAC2108D39DE}.Release|Any CPU.ActiveCfg = Release|Any CPU
		{450F1818-1BA0-490A-9568-FAC2108D39DE}.Release|Any CPU.Build.0 = Release|Any CPU
	EndGlobalSection
	GlobalSection(SolutionProperties) = preSolution
		HideSolutionNode = FALSE
	EndGlobalSection
	GlobalSection(ExtensibilityGlobals) = postSolution
		SolutionGuid = {98571252-78D7-41BB-B263-C87651FD5D23}
	EndGlobalSection
EndGlobal
