
Microsoft Visual Studio Solution File, Format Version 12.00
# Visual Studio Version 17
VisualStudioVersion = 17.9.34728.123
MinimumVisualStudioVersion = 10.0.40219.1
Project("{FAE04EC0-301F-11D3-BF4B-00C04F79EFBC}") = "LogLines", "LogLines\LogLines.csproj", "{D9422F7F-DC05-4D90-ADE9-570281A9C021}"
EndProject
Global
	GlobalSection(SolutionConfigurationPlatforms) = preSolution
		Debug|Any CPU = Debug|Any CPU
		Release|Any CPU = Release|Any CPU
	EndGlobalSection
	GlobalSection(ProjectConfigurationPlatforms) = postSolution
		{D9422F7F-DC05-4D90-ADE9-570281A9C021}.Debug|Any CPU.ActiveCfg = Debug|Any CPU
		{D9422F7F-DC05-4D90-ADE9-570281A9C021}.Debug|Any CPU.Build.0 = Debug|Any CPU
		{D9422F7F-DC05-4D90-ADE9-570281A9C021}.Release|Any CPU.ActiveCfg = Release|Any CPU
		{D9422F7F-DC05-4D90-ADE9-570281A9C021}.Release|Any CPU.Build.0 = Release|Any CPU
	EndGlobalSection
	GlobalSection(SolutionProperties) = preSolution
		HideSolutionNode = FALSE
	EndGlobalSection
	GlobalSection(ExtensibilityGlobals) = postSolution
		SolutionGuid = {9239DB03-0782-4D23-8006-FDD8AAE5338A}
	EndGlobalSection
EndGlobal
