
Microsoft Visual Studio Solution File, Format Version 12.00
# Visual Studio Version 17
VisualStudioVersion = 17.9.34728.123
MinimumVisualStudioVersion = 10.0.40219.1
Project("{FAE04EC0-301F-11D3-BF4B-00C04F79EFBC}") = "M3_Raindrops", "M3_Raindrops\M3_Raindrops.csproj", "{48EC7F08-8BAE-447A-B0AF-2417A299D9BC}"
EndProject
Global
	GlobalSection(SolutionConfigurationPlatforms) = preSolution
		Debug|Any CPU = Debug|Any CPU
		Release|Any CPU = Release|Any CPU
	EndGlobalSection
	GlobalSection(ProjectConfigurationPlatforms) = postSolution
		{48EC7F08-8BAE-447A-B0AF-2417A299D9BC}.Debug|Any CPU.ActiveCfg = Debug|Any CPU
		{48EC7F08-8BAE-447A-B0AF-2417A299D9BC}.Debug|Any CPU.Build.0 = Debug|Any CPU
		{48EC7F08-8BAE-447A-B0AF-2417A299D9BC}.Release|Any CPU.ActiveCfg = Release|Any CPU
		{48EC7F08-8BAE-447A-B0AF-2417A299D9BC}.Release|Any CPU.Build.0 = Release|Any CPU
	EndGlobalSection
	GlobalSection(SolutionProperties) = preSolution
		HideSolutionNode = FALSE
	EndGlobalSection
	GlobalSection(ExtensibilityGlobals) = postSolution
		SolutionGuid = {F7966DE4-C9D8-4CAE-B559-FF1F9777F351}
	EndGlobalSection
EndGlobal
