
Microsoft Visual Studio Solution File, Format Version 12.00
# Visual Studio Version 17
VisualStudioVersion = 17.9.34728.123
MinimumVisualStudioVersion = 10.0.40219.1
Project("{FAE04EC0-301F-11D3-BF4B-00C04F79EFBC}") = "M3_D8_ParsingLogFiles", "M3_D8_ParsingLogFiles\M3_D8_ParsingLogFiles.csproj", "{D96715FA-6E4A-4F63-861B-F40062A35195}"
EndProject
Global
	GlobalSection(SolutionConfigurationPlatforms) = preSolution
		Debug|Any CPU = Debug|Any CPU
		Release|Any CPU = Release|Any CPU
	EndGlobalSection
	GlobalSection(ProjectConfigurationPlatforms) = postSolution
		{D96715FA-6E4A-4F63-861B-F40062A35195}.Debug|Any CPU.ActiveCfg = Debug|Any CPU
		{D96715FA-6E4A-4F63-861B-F40062A35195}.Debug|Any CPU.Build.0 = Debug|Any CPU
		{D96715FA-6E4A-4F63-861B-F40062A35195}.Release|Any CPU.ActiveCfg = Release|Any CPU
		{D96715FA-6E4A-4F63-861B-F40062A35195}.Release|Any CPU.Build.0 = Release|Any CPU
	EndGlobalSection
	GlobalSection(SolutionProperties) = preSolution
		HideSolutionNode = FALSE
	EndGlobalSection
	GlobalSection(ExtensibilityGlobals) = postSolution
		SolutionGuid = {AB51C55E-2650-451B-AD7B-18672C3E6AF0}
	EndGlobalSection
EndGlobal
