
Microsoft Visual Studio Solution File, Format Version 12.00
# Visual Studio Version 17
VisualStudioVersion = 17.9.34728.123
MinimumVisualStudioVersion = 10.0.40219.1
Project("{FAE04EC0-301F-11D3-BF4B-00C04F79EFBC}") = "Cars_Asseble", "Cars_Asseble\Cars_Asseble.csproj", "{F602B446-788E-45E8-8F1C-2DF5D1D9C72E}"
EndProject
Global
	GlobalSection(SolutionConfigurationPlatforms) = preSolution
		Debug|Any CPU = Debug|Any CPU
		Release|Any CPU = Release|Any CPU
	EndGlobalSection
	GlobalSection(ProjectConfigurationPlatforms) = postSolution
		{F602B446-788E-45E8-8F1C-2DF5D1D9C72E}.Debug|Any CPU.ActiveCfg = Debug|Any CPU
		{F602B446-788E-45E8-8F1C-2DF5D1D9C72E}.Debug|Any CPU.Build.0 = Debug|Any CPU
		{F602B446-788E-45E8-8F1C-2DF5D1D9C72E}.Release|Any CPU.ActiveCfg = Release|Any CPU
		{F602B446-788E-45E8-8F1C-2DF5D1D9C72E}.Release|Any CPU.Build.0 = Release|Any CPU
	EndGlobalSection
	GlobalSection(SolutionProperties) = preSolution
		HideSolutionNode = FALSE
	EndGlobalSection
	GlobalSection(ExtensibilityGlobals) = postSolution
		SolutionGuid = {AA7F5665-0A16-4189-BE4E-E434A637499D}
	EndGlobalSection
EndGlobal
