
Microsoft Visual Studio Solution File, Format Version 12.00
# Visual Studio Version 17
VisualStudioVersion = 17.9.34728.123
MinimumVisualStudioVersion = 10.0.40219.1
Project("{FAE04EC0-301F-11D3-BF4B-00C04F79EFBC}") = "M3_D6_StringReversal", "M3_D6_StringReversal\M3_D6_StringReversal.csproj", "{C514EBCD-E7B7-4248-8709-250A7C548C32}"
EndProject
Global
	GlobalSection(SolutionConfigurationPlatforms) = preSolution
		Debug|Any CPU = Debug|Any CPU
		Release|Any CPU = Release|Any CPU
	EndGlobalSection
	GlobalSection(ProjectConfigurationPlatforms) = postSolution
		{C514EBCD-E7B7-4248-8709-250A7C548C32}.Debug|Any CPU.ActiveCfg = Debug|Any CPU
		{C514EBCD-E7B7-4248-8709-250A7C548C32}.Debug|Any CPU.Build.0 = Debug|Any CPU
		{C514EBCD-E7B7-4248-8709-250A7C548C32}.Release|Any CPU.ActiveCfg = Release|Any CPU
		{C514EBCD-E7B7-4248-8709-250A7C548C32}.Release|Any CPU.Build.0 = Release|Any CPU
	EndGlobalSection
	GlobalSection(SolutionProperties) = preSolution
		HideSolutionNode = FALSE
	EndGlobalSection
	GlobalSection(ExtensibilityGlobals) = postSolution
		SolutionGuid = {887CBF7D-89C8-437F-9B17-DC27E5EF9D4A}
	EndGlobalSection
EndGlobal
