
Microsoft Visual Studio Solution File, Format Version 12.00
# Visual Studio Version 17
VisualStudioVersion = 17.9.34728.123
MinimumVisualStudioVersion = 10.0.40219.1
Project("{FAE04EC0-301F-11D3-BF4B-00C04F79EFBC}") = "M3_D7_LandGrabInSpace", "M3_D7_LandGrabInSpace\M3_D7_LandGrabInSpace.csproj", "{095268B8-81AF-442E-92EE-B9F26810F6DB}"
EndProject
Global
	GlobalSection(SolutionConfigurationPlatforms) = preSolution
		Debug|Any CPU = Debug|Any CPU
		Release|Any CPU = Release|Any CPU
	EndGlobalSection
	GlobalSection(ProjectConfigurationPlatforms) = postSolution
		{095268B8-81AF-442E-92EE-B9F26810F6DB}.Debug|Any CPU.ActiveCfg = Debug|Any CPU
		{095268B8-81AF-442E-92EE-B9F26810F6DB}.Debug|Any CPU.Build.0 = Debug|Any CPU
		{095268B8-81AF-442E-92EE-B9F26810F6DB}.Release|Any CPU.ActiveCfg = Release|Any CPU
		{095268B8-81AF-442E-92EE-B9F26810F6DB}.Release|Any CPU.Build.0 = Release|Any CPU
	EndGlobalSection
	GlobalSection(SolutionProperties) = preSolution
		HideSolutionNode = FALSE
	EndGlobalSection
	GlobalSection(ExtensibilityGlobals) = postSolution
		SolutionGuid = {56F3E61D-F87E-4511-8244-2C8697E290CD}
	EndGlobalSection
EndGlobal
