
Microsoft Visual Studio Solution File, Format Version 12.00
# Visual Studio Version 17
VisualStudioVersion = 17.9.34728.123
MinimumVisualStudioVersion = 10.0.40219.1
Project("{FAE04EC0-301F-11D3-BF4B-00C04F79EFBC}") = "Objects_Classes", "Objects_Classes\Objects_Classes.csproj", "{165E8D48-9A4A-4392-9D67-9259F1D5DC2F}"
EndProject
Global
	GlobalSection(SolutionConfigurationPlatforms) = preSolution
		Debug|Any CPU = Debug|Any CPU
		Release|Any CPU = Release|Any CPU
	EndGlobalSection
	GlobalSection(ProjectConfigurationPlatforms) = postSolution
		{165E8D48-9A4A-4392-9D67-9259F1D5DC2F}.Debug|Any CPU.ActiveCfg = Debug|Any CPU
		{165E8D48-9A4A-4392-9D67-9259F1D5DC2F}.Debug|Any CPU.Build.0 = Debug|Any CPU
		{165E8D48-9A4A-4392-9D67-9259F1D5DC2F}.Release|Any CPU.ActiveCfg = Release|Any CPU
		{165E8D48-9A4A-4392-9D67-9259F1D5DC2F}.Release|Any CPU.Build.0 = Release|Any CPU
	EndGlobalSection
	GlobalSection(SolutionProperties) = preSolution
		HideSolutionNode = FALSE
	EndGlobalSection
	GlobalSection(ExtensibilityGlobals) = postSolution
		SolutionGuid = {9060D208-7EB1-433C-B089-D75BC23CA8FB}
	EndGlobalSection
EndGlobal
